// !$*UTF8*$!
{
	archiveVersion = 1;
	classes = {
	};
	objectVersion = 46;
	objects = {

/* Begin PBXBuildFile section */
		33B3F2E81CED87730039EBCB /* StationControl.swift in Sources */ = {isa = PBXBuildFile; fileRef = 33B3F2E71CED87730039EBCB /* StationControl.swift */; };
		33D36EC51CE9A6360038B093 /* AppDelegate.swift in Sources */ = {isa = PBXBuildFile; fileRef = 33D36EC41CE9A6360038B093 /* AppDelegate.swift */; };
		33D36EC71CE9A6360038B093 /* ViewController.swift in Sources */ = {isa = PBXBuildFile; fileRef = 33D36EC61CE9A6360038B093 /* ViewController.swift */; };
		33D36ECA1CE9A6360038B093 /* Main.storyboard in Resources */ = {isa = PBXBuildFile; fileRef = 33D36EC81CE9A6360038B093 /* Main.storyboard */; };
		33D36ECC1CE9A6360038B093 /* Assets.xcassets in Resources */ = {isa = PBXBuildFile; fileRef = 33D36ECB1CE9A6360038B093 /* Assets.xcassets */; };
		33D36ECF1CE9A6360038B093 /* LaunchScreen.storyboard in Resources */ = {isa = PBXBuildFile; fileRef = 33D36ECD1CE9A6360038B093 /* LaunchScreen.storyboard */; };
		33D36EDA1CE9A6360038B093 /* ShanghaiSubwayTests.swift in Sources */ = {isa = PBXBuildFile; fileRef = 33D36ED91CE9A6360038B093 /* ShanghaiSubwayTests.swift */; };
/* End PBXBuildFile section */

/* Begin PBXContainerItemProxy section */
		33D36ED61CE9A6360038B093 /* PBXContainerItemProxy */ = {
			isa = PBXContainerItemProxy;
			containerPortal = 33D36EB91CE9A6360038B093 /* Project object */;
			proxyType = 1;
			remoteGlobalIDString = 33D36EC01CE9A6360038B093;
			remoteInfo = ShanghaiSubway;
		};
/* End PBXContainerItemProxy section */

/* Begin PBXFileReference section */
		33B3F2E71CED87730039EBCB /* StationControl.swift */ = {isa = PBXFileReference; fileEncoding = 4; lastKnownFileType = sourcecode.swift; path = StationControl.swift; sourceTree = "<group>"; };
		33D36EC11CE9A6360038B093 /* ShanghaiSubway.app */ = {isa = PBXFileReference; explicitFileType = wrapper.application; includeInIndex = 0; path = ShanghaiSubway.app; sourceTree = BUILT_PRODUCTS_DIR; };
		33D36EC41CE9A6360038B093 /* AppDelegate.swift */ = {isa = PBXFileReference; lastKnownFileType = sourcecode.swift; path = AppDelegate.swift; sourceTree = "<group>"; };
		33D36EC61CE9A6360038B093 /* ViewController.swift */ = {isa = PBXFileReference; lastKnownFileType = sourcecode.swift; path = ViewController.swift; sourceTree = "<group>"; };
		33D36EC91CE9A6360038B093 /* Base */ = {isa = PBXFileReference; lastKnownFileType = file.storyboard; name = Base; path = Base.lproj/Main.storyboard; sourceTree = "<group>"; };
		33D36ECB1CE9A6360038B093 /* Assets.xcassets */ = {isa = PBXFileReference; lastKnownFileType = folder.assetcatalog; path = Assets.xcassets; sourceTree = "<group>"; };
		33D36ECE1CE9A6360038B093 /* Base */ = {isa = PBXFileReference; lastKnownFileType = file.storyboard; name = Base; path = Base.lproj/LaunchScreen.storyboard; sourceTree = "<group>"; };
		33D36ED01CE9A6360038B093 /* Info.plist */ = {isa = PBXFileReference; lastKnownFileType = text.plist.xml; path = Info.plist; sourceTree = "<group>"; };
		33D36ED51CE9A6360038B093 /* ShanghaiSubwayTests.xctest */ = {isa = PBXFileReference; explicitFileType = wrapper.cfbundle; includeInIndex = 0; path = ShanghaiSubwayTests.xctest; sourceTree = BUILT_PRODUCTS_DIR; };
		33D36ED91CE9A6360038B093 /* ShanghaiSubwayTests.swift */ = {isa = PBXFileReference; lastKnownFileType = sourcecode.swift; path = ShanghaiSubwayTests.swift; sourceTree = "<group>"; };
		33D36EDB1CE9A6360038B093 /* Info.plist */ = {isa = PBXFileReference; lastKnownFileType = text.plist.xml; path = Info.plist; sourceTree = "<group>"; };
/* End PBXFileReference section */

/* Begin PBXFrameworksBuildPhase section */
		33D36EBE1CE9A6360038B093 /* Frameworks */ = {
			isa = PBXFrameworksBuildPhase;
			buildActionMask = 2147483647;
			files = (
			);
			runOnlyForDeploymentPostprocessing = 0;
		};
		33D36ED21CE9A6360038B093 /* Frameworks */ = {
			isa = PBXFrameworksBuildPhase;
			buildActionMask = 2147483647;
			files = (
			);
			runOnlyForDeploymentPostprocessing = 0;
		};
/* End PBXFrameworksBuildPhase section */

/* Begin PBXGroup section */
		33D36EB81CE9A6360038B093 = {
			isa = PBXGroup;
			children = (
				33D36EC31CE9A6360038B093 /* ShanghaiSubway */,
				33D36ED81CE9A6360038B093 /* ShanghaiSubwayTests */,
				33D36EC21CE9A6360038B093 /* Products */,
			);
			sourceTree = "<group>";
		};
		33D36EC21CE9A6360038B093 /* Products */ = {
			isa = PBXGroup;
			children = (
				33D36EC11CE9A6360038B093 /* ShanghaiSubway.app */,
				33D36ED51CE9A6360038B093 /* ShanghaiSubwayTests.xctest */,
			);
			name = Products;
			sourceTree = "<group>";
		};
		33D36EC31CE9A6360038B093 /* ShanghaiSubway */ = {
			isa = PBXGroup;
			children = (
				33D36EC41CE9A6360038B093 /* AppDelegate.swift */,
				33D36EC61CE9A6360038B093 /* ViewController.swift */,
				33B3F2E71CED87730039EBCB /* StationControl.swift */,
				33D36EC81CE9A6360038B093 /* Main.storyboard */,
				33D36ECB1CE9A6360038B093 /* Assets.xcassets */,
				33D36ECD1CE9A6360038B093 /* LaunchScreen.storyboard */,
				33D36ED01CE9A6360038B093 /* Info.plist */,
			);
			path = ShanghaiSubway;
			sourceTree = "<group>";
		};
		33D36ED81CE9A6360038B093 /* ShanghaiSubwayTests */ = {
			isa = PBXGroup;
			children = (
				33D36ED91CE9A6360038B093 /* ShanghaiSubwayTests.swift */,
				33D36EDB1CE9A6360038B093 /* Info.plist */,
			);
			path = ShanghaiSubwayTests;
			sourceTree = "<group>";
		};
/* End PBXGroup section */

/* Begin PBXNativeTarget section */
		33D36EC01CE9A6360038B093 /* ShanghaiSubway */ = {
			isa = PBXNativeTarget;
			buildConfigurationList = 33D36EDE1CE9A6360038B093 /* Build configuration list for PBXNativeTarget "ShanghaiSubway" */;
			buildPhases = (
				33D36EBD1CE9A6360038B093 /* Sources */,
				33D36EBE1CE9A6360038B093 /* Frameworks */,
				33D36EBF1CE9A6360038B093 /* Resources */,
			);
			buildRules = (
			);
			dependencies = (
			);
			name = ShanghaiSubway;
			productName = ShanghaiSubway;
			productReference = 33D36EC11CE9A6360038B093 /* ShanghaiSubway.app */;
			productType = "com.apple.product-type.application";
		};
		33D36ED41CE9A6360038B093 /* ShanghaiSubwayTests */ = {
			isa = PBXNativeTarget;
			buildConfigurationList = 33D36EE11CE9A6360038B093 /* Build configuration list for PBXNativeTarget "ShanghaiSubwayTests" */;
			buildPhases = (
				33D36ED11CE9A6360038B093 /* Sources */,
				33D36ED21CE9A6360038B093 /* Frameworks */,
				33D36ED31CE9A6360038B093 /* Resources */,
			);
			buildRules = (
			);
			dependencies = (
				33D36ED71CE9A6360038B093 /* PBXTargetDependency */,
			);
			name = ShanghaiSubwayTests;
			productName = ShanghaiSubwayTests;
			productReference = 33D36ED51CE9A6360038B093 /* ShanghaiSubwayTests.xctest */;
			productType = "com.apple.product-type.bundle.unit-test";
		};
/* End PBXNativeTarget section */

/* Begin PBXProject section */
		33D36EB91CE9A6360038B093 /* Project object */ = {
			isa = PBXProject;
			attributes = {
				LastSwiftUpdateCheck = 0730;
				LastUpgradeCheck = 0730;
				ORGANIZATIONNAME = "Yufei Wang";
				TargetAttributes = {
					33D36EC01CE9A6360038B093 = {
						CreatedOnToolsVersion = 7.3.1;
					};
					33D36ED41CE9A6360038B093 = {
						CreatedOnToolsVersion = 7.3.1;
						TestTargetID = 33D36EC01CE9A6360038B093;
					};
				};
			};
			buildConfigurationList = 33D36EBC1CE9A6360038B093 /* Build configuration list for PBXProject "ShanghaiSubway" */;
			compatibilityVersion = "Xcode 3.2";
			developmentRegion = English;
			hasScannedForEncodings = 0;
			knownRegions = (
				en,
				Base,
			);
			mainGroup = 33D36EB81CE9A6360038B093;
			productRefGroup = 33D36EC21CE9A6360038B093 /* Products */;
			projectDirPath = "";
			projectRoot = "";
			targets = (
				33D36EC01CE9A6360038B093 /* ShanghaiSubway */,
				33D36ED41CE9A6360038B093 /* ShanghaiSubwayTests */,
			);
		};
/* End PBXProject section */

/* Begin PBXResourcesBuildPhase section */
		33D36EBF1CE9A6360038B093 /* Resources */ = {
			isa = PBXResourcesBuildPhase;
			buildActionMask = 2147483647;
			files = (
				33D36ECF1CE9A6360038B093 /* LaunchScreen.storyboard in Resources */,
				33D36ECC1CE9A6360038B093 /* Assets.xcassets in Resources */,
				33D36ECA1CE9A6360038B093 /* Main.storyboard in Resources */,
			);
			runOnlyForDeploymentPostprocessing = 0;
		};
		33D36ED31CE9A6360038B093 /* Resources */ = {
			isa = PBXResourcesBuildPhase;
			buildActionMask = 2147483647;
			files = (
			);
			runOnlyForDeploymentPostprocessing = 0;
		};
/* End PBXResourcesBuildPhase section */

/* Begin PBXSourcesBuildPhase section */
		33D36EBD1CE9A6360038B093 /* Sources */ = {
			isa = PBXSourcesBuildPhase;
			buildActionMask = 2147483647;
			files = (
				33B3F2E81CED87730039EBCB /* StationControl.swift in Sources */,
				33D36EC71CE9A6360038B093 /* ViewController.swift in Sources */,
				33D36EC51CE9A6360038B093 /* AppDelegate.swift in Sources */,
			);
			runOnlyForDeploymentPostprocessing = 0;
		};
		33D36ED11CE9A6360038B093 /* Sources */ = {
			isa = PBXSourcesBuildPhase;
			buildActionMask = 2147483647;
			files = (
				33D36EDA1CE9A6360038B093 /* ShanghaiSubwayTests.swift in Sources */,
			);
			runOnlyForDeploymentPostprocessing = 0;
		};
/* End PBXSourcesBuildPhase section */

/* Begin PBXTargetDependency section */
		33D36ED71CE9A6360038B093 /* PBXTargetDependency */ = {
			isa = PBXTargetDependency;
			target = 33D36EC01CE9A6360038B093 /* ShanghaiSubway */;
			targetProxy = 33D36ED61CE9A6360038B093 /* PBXContainerItemProxy */;
		};
/* End PBXTargetDependency section */

/* Begin PBXVariantGroup section */
		33D36EC81CE9A6360038B093 /* Main.storyboard */ = {
			isa = PBXVariantGroup;
			children = (
				33D36EC91CE9A6360038B093 /* Base */,
			);
			name = Main.storyboard;
			sourceTree = "<group>";
		};
		33D36ECD1CE9A6360038B093 /* LaunchScreen.storyboard */ = {
			isa = PBXVariantGroup;
			children = (
				33D36ECE1CE9A6360038B093 /* Base */,
			);
			name = LaunchScreen.storyboard;
			sourceTree = "<group>";
		};
/* End PBXVariantGroup section */

/* Begin XCBuildConfiguration section */
		33D36EDC1CE9A6360038B093 /* Debug */ = {
			isa = XCBuildConfiguration;
			buildSettings = {
				ALWAYS_SEARCH_USER_PATHS = NO;
				CLANG_ANALYZER_NONNULL = YES;
				CLANG_CXX_LANGUAGE_STANDARD = "gnu++0x";
				CLANG_CXX_LIBRARY = "libc++";
				CLANG_ENABLE_MODULES = YES;
				CLANG_ENABLE_OBJC_ARC = YES;
				CLANG_WARN_BOOL_CONVERSION = YES;
				CLANG_WARN_CONSTANT_CONVERSION = YES;
				CLANG_WARN_DIRECT_OBJC_ISA_USAGE = YES_ERROR;
				CLANG_WARN_EMPTY_BODY = YES;
				CLANG_WARN_ENUM_CONVERSION = YES;
				CLANG_WARN_INT_CONVERSION = YES;
				CLANG_WARN_OBJC_ROOT_CLASS = YES_ERROR;
				CLANG_WARN_UNREACHABLE_CODE = YES;
				CLANG_WARN__DUPLICATE_METHOD_MATCH = YES;
				"CODE_SIGN_IDENTITY[sdk=iphoneos*]" = "iPhone Developer";
				COPY_PHASE_STRIP = NO;
				DEBUG_INFORMATION_FORMAT = dwarf;
				ENABLE_STRICT_OBJC_MSGSEND = YES;
				ENABLE_TESTABILITY = YES;
				GCC_C_LANGUAGE_STANDARD = gnu99;
				GCC_DYNAMIC_NO_PIC = NO;
				GCC_NO_COMMON_BLOCKS = YES;
				GCC_OPTIMIZATION_LEVEL = 0;
				GCC_PREPROCESSOR_DEFINITIONS = (
					"DEBUG=1",
					"$(inherited)",
				);
				GCC_WARN_64_TO_32_BIT_CONVERSION = YES;
				GCC_WARN_ABOUT_RETURN_TYPE = YES_ERROR;
				GCC_WARN_UNDECLARED_SELECTOR = YES;
				GCC_WARN_UNINITIALIZED_AUTOS = YES_AGGRESSIVE;
				GCC_WARN_UNUSED_FUNCTION = YES;
				GCC_WARN_UNUSED_VARIABLE = YES;
				IPHONEOS_DEPLOYMENT_TARGET = 9.3;
				MTL_ENABLE_DEBUG_INFO = YES;
				ONLY_ACTIVE_ARCH = YES;
				SDKROOT = iphoneos;
				SWIFT_OPTIMIZATION_LEVEL = "-Onone";
				TARGETED_DEVICE_FAMILY = "1,2";
			};
			name = Debug;
		};
		33D36EDD1CE9A6360038B093 /* Release */ = {
			isa = XCBuildConfiguration;
			buildSettings = {
				ALWAYS_SEARCH_USER_PATHS = NO;
				CLANG_ANALYZER_NONNULL = YES;
				CLANG_CXX_LANGUAGE_STANDARD = "gnu++0x";
				CLANG_CXX_LIBRARY = "libc++";
				CLANG_ENABLE_MODULES = YES;
				CLANG_ENABLE_OBJC_ARC = YES;
				CLANG_WARN_BOOL_CONVERSION = YES;
				CLANG_WARN_CONSTANT_CONVERSION = YES;
				CLANG_WARN_DIRECT_OBJC_ISA_USAGE = YES_ERROR;
				CLANG_WARN_EMPTY_BODY = YES;
				CLANG_WARN_ENUM_CONVERSION = YES;
				CLANG_WARN_INT_CONVERSION = YES;
				CLANG_WARN_OBJC_ROOT_CLASS = YES_ERROR;
				CLANG_WARN_UNREACHABLE_CODE = YES;
				CLANG_WARN__DUPLICATE_METHOD_MATCH = YES;
				"CODE_SIGN_IDENTITY[sdk=iphoneos*]" = "iPhone Developer";
				COPY_PHASE_STRIP = NO;
				DEBUG_INFORMATION_FORMAT = "dwarf-with-dsym";
				ENABLE_NS_ASSERTIONS = NO;
				ENABLE_STRICT_OBJC_MSGSEND = YES;
				GCC_C_LANGUAGE_STANDARD = gnu99;
				GCC_NO_COMMON_BLOCKS = YES;
				GCC_WARN_64_TO_32_BIT_CONVERSION = YES;
				GCC_WARN_ABOUT_RETURN_TYPE = YES_ERROR;
				GCC_WARN_UNDECLARED_SELECTOR = YES;
				GCC_WARN_UNINITIALIZED_AUTOS = YES_AGGRESSIVE;
				GCC_WARN_UNUSED_FUNCTION = YES;
				GCC_WARN_UNUSED_VARIABLE = YES;
				IPHONEOS_DEPLOYMENT_TARGET = 9.3;
				MTL_ENABLE_DEBUG_INFO = NO;
				SDKROOT = iphoneos;
				TARGETED_DEVICE_FAMILY = "1,2";
				VALIDATE_PRODUCT = YES;
			};
			name = Release;
		};
		33D36EDF1CE9A6360038B093 /* Debug */ = {
			isa = XCBuildConfiguration;
			buildSettings = {
				ASSETCATALOG_COMPILER_APPICON_NAME = AppIcon;
				INFOPLIST_FILE = ShanghaiSubway/Info.plist;
				LD_RUNPATH_SEARCH_PATHS = "$(inherited) @executable_path/Frameworks";
				PRODUCT_BUNDLE_IDENTIFIER = com.example.ShanghaiSubway;
				PRODUCT_NAME = "$(TARGET_NAME)";
			};
			name = Debug;
		};
		33D36EE01CE9A6360038B093 /* Release */ = {
			isa = XCBuildConfiguration;
			buildSettings = {
				ASSETCATALOG_COMPILER_APPICON_NAME = AppIcon;
				INFOPLIST_FILE = ShanghaiSubway/Info.plist;
				LD_RUNPATH_SEARCH_PATHS = "$(inherited) @executable_path/Frameworks";
				PRODUCT_BUNDLE_IDENTIFIER = com.example.ShanghaiSubway;
				PRODUCT_NAME = "$(TARGET_NAME)";
			};
			name = Release;
		};
		33D36EE21CE9A6360038B093 /* Debug */ = {
			isa = XCBuildConfiguration;
			buildSettings = {
				BUNDLE_LOADER = "$(TEST_HOST)";
				INFOPLIST_FILE = ShanghaiSubwayTests/Info.plist;
				LD_RUNPATH_SEARCH_PATHS = "$(inherited) @executable_path/Frameworks @loader_path/Frameworks";
				PRODUCT_BUNDLE_IDENTIFIER = com.example.ShanghaiSubwayTests;
				PRODUCT_NAME = "$(TARGET_NAME)";
				TEST_HOST = "$(BUILT_PRODUCTS_DIR)/ShanghaiSubway.app/ShanghaiSubway";
			};
			name = Debug;
		};
		33D36EE31CE9A6360038B093 /* Release */ = {
			isa = XCBuildConfiguration;
			buildSettings = {
				BUNDLE_LOADER = "$(TEST_HOST)";
				INFOPLIST_FILE = ShanghaiSubwayTests/Info.plist;
				LD_RUNPATH_SEARCH_PATHS = "$(inherited) @executable_path/Frameworks @loader_path/Frameworks";
				PRODUCT_BUNDLE_IDENTIFIER = com.example.ShanghaiSubwayTests;
				PRODUCT_NAME = "$(TARGET_NAME)";
				TEST_HOST = "$(BUILT_PRODUCTS_DIR)/ShanghaiSubway.app/ShanghaiSubway";
			};
			name = Release;
		};
/* End XCBuildConfiguration section */

/* Begin XCConfigurationList section */
		33D36EBC1CE9A6360038B093 /* Build configuration list for PBXProject "ShanghaiSubway" */ = {
			isa = XCConfigurationList;
			buildConfigurations = (
				33D36EDC1CE9A6360038B093 /* Debug */,
				33D36EDD1CE9A6360038B093 /* Release */,
			);
			defaultConfigurationIsVisible = 0;
			defaultConfigurationName = Release;
		};
		33D36EDE1CE9A6360038B093 /* Build configuration list for PBXNativeTarget "ShanghaiSubway" */ = {
			isa = XCConfigurationList;
			buildConfigurations = (
				33D36EDF1CE9A6360038B093 /* Debug */,
				33D36EE01CE9A6360038B093 /* Release */,
			);
			defaultConfigurationIsVisible = 0;
			defaultConfigurationName = Release;
		};
		33D36EE11CE9A6360038B093 /* Build configuration list for PBXNativeTarget "ShanghaiSubwayTests" */ = {
			isa = XCConfigurationList;
			buildConfigurations = (
				33D36EE21CE9A6360038B093 /* Debug */,
				33D36EE31CE9A6360038B093 /* Release */,
			);
			defaultConfigurationIsVisible = 0;
			defaultConfigurationName = Release;
		};
/* End XCConfigurationList section */
	};
	rootObject = 33D36EB91CE9A6360038B093 /* Project object */;
}
